
Microsoft Visual Studio Solution File, Format Version 12.00
# Visual Studio Version 16
VisualStudioVersion = 16.0.31005.135
MinimumVisualStudioVersion = 10.0.40219.1
Project("{9A19103F-16F7-4668-BE54-9A1E7A4F7556}") = "BlazorPeliculas.Server", "BlazorPeliculas\Server\BlazorPeliculas.Server.csproj", "{C78A1883-FE33-4C22-8416-40792138CE3A}"
EndProject
Project("{9A19103F-16F7-4668-BE54-9A1E7A4F7556}") = "BlazorPeliculas.Client", "BlazorPeliculas\Client\BlazorPeliculas.Client.csproj", "{124AAE65-A090-415F-988C-EFF6ADAE13CB}"
EndProject
Project("{9A19103F-16F7-4668-BE54-9A1E7A4F7556}") = "BlazorPeliculas.Shared", "BlazorPeliculas\Shared\BlazorPeliculas.Shared.csproj", "{11678041-5F90-4F68-A476-542E58FCDC14}"
EndProject
Global
	GlobalSection(SolutionConfigurationPlatforms) = preSolution
		Debug|Any CPU = Debug|Any CPU
		Release|Any CPU = Release|Any CPU
	EndGlobalSection
	GlobalSection(ProjectConfigurationPlatforms) = postSolution
		{C78A1883-FE33-4C22-8416-40792138CE3A}.Debug|Any CPU.ActiveCfg = Debug|Any CPU
		{C78A1883-FE33-4C22-8416-40792138CE3A}.Debug|Any CPU.Build.0 = Debug|Any CPU
		{C78A1883-FE33-4C22-8416-40792138CE3A}.Release|Any CPU.ActiveCfg = Release|Any CPU
		{C78A1883-FE33-4C22-8416-40792138CE3A}.Release|Any CPU.Build.0 = Release|Any CPU
		{124AAE65-A090-415F-988C-EFF6ADAE13CB}.Debug|Any CPU.ActiveCfg = Debug|Any CPU
		{124AAE65-A090-415F-988C-EFF6ADAE13CB}.Debug|Any CPU.Build.0 = Debug|Any CPU
		{124AAE65-A090-415F-988C-EFF6ADAE13CB}.Release|Any CPU.ActiveCfg = Release|Any CPU
		{124AAE65-A090-415F-988C-EFF6ADAE13CB}.Release|Any CPU.Build.0 = Release|Any CPU
		{11678041-5F90-4F68-A476-542E58FCDC14}.Debug|Any CPU.ActiveCfg = Debug|Any CPU
		{11678041-5F90-4F68-A476-542E58FCDC14}.Debug|Any CPU.Build.0 = Debug|Any CPU
		{11678041-5F90-4F68-A476-542E58FCDC14}.Release|Any CPU.ActiveCfg = Release|Any CPU
		{11678041-5F90-4F68-A476-542E58FCDC14}.Release|Any CPU.Build.0 = Release|Any CPU
	EndGlobalSection
	GlobalSection(SolutionProperties) = preSolution
		HideSolutionNode = FALSE
	EndGlobalSection
	GlobalSection(ExtensibilityGlobals) = postSolution
		SolutionGuid = {22148B49-CC60-4C29-A6FF-8002EA79FFED}
	EndGlobalSection
EndGlobal
